<?xml version="1.0" encoding="utf-8"?>
<Project ToolsVersion="4.0" xmlns="http://schemas.microsoft.com/developer/msbuild/2003">
  <ItemGroup>
    <Filter Include="Source Files">
      <UniqueIdentifier>{2dfda853-c86f-41f9-bbbf-071f9723c870}</UniqueIdentifier>
      <Extensions>cpp;c;cxx;def;odl;idl;hpj;bat;asm</Extensions>
    </Filter>
  </ItemGroup>
  <ItemGroup>
    <None Include="Config.txt">
      <Filter>Source Files</Filter>
    </None>
  </ItemGroup>
  <ItemGroup>
    <ClCompile Include="HCP65 Tester.cpp">
      <Filter>Source Files</Filter>
    </ClCompile>
    <ClCompile Include="TesterWindow.cpp">
      <Filter>Source Files</Filter>
    </ClCompile>
  </ItemGroup>
  <ItemGroup>
    <ClInclude Include="TesterWindow.h">
      <Filter>Source Files</Filter>
    </ClInclude>
  </ItemGroup>
</Project>